
Microsoft Visual Studio Solution File, Format Version 12.00
# Visual Studio 15
VisualStudioVersion = 15.0.26124.0
MinimumVisualStudioVersion = 15.0.26124.0
Project("{2150E333-8FDC-42A3-9474-1A3956D46DE8}") = "src", "src", "{12DA4513-77E8-43D0-8B83-4E4592CDDD22}"
EndProject
Project("{9A19103F-16F7-4668-BE54-9A1E7A4F7556}") = "Core", "src\Core\Core.csproj", "{88958739-9784-4AF1-9482-92069716D908}"
EndProject
Project("{9A19103F-16F7-4668-BE54-9A1E7A4F7556}") = "Infrastructure", "src\Infrastructure\Infrastructure.csproj", "{3D54725F-B842-4643-B3A2-88899ABFD264}"
EndProject
Project("{2150E333-8FDC-42A3-9474-1A3956D46DE8}") = "UI", "UI", "{DD1FBCE6-8B29-42BF-951E-29ECA719F5B9}"
EndProject
Project("{9A19103F-16F7-4668-BE54-9A1E7A4F7556}") = "Web", "src\UI\Web\Web.csproj", "{46F13159-DFF1-4C4C-B781-759C4CA511E7}"
EndProject
Project("{2150E333-8FDC-42A3-9474-1A3956D46DE8}") = "tests", "tests", "{777C24B3-EC5C-40FF-AEC5-DBD10E380F6A}"
EndProject
Project("{9A19103F-16F7-4668-BE54-9A1E7A4F7556}") = "UnitTests", "tests\UnitTests\UnitTests.csproj", "{F5168528-FB81-47E8-9EFA-CBB189B606FE}"
EndProject
Project("{9A19103F-16F7-4668-BE54-9A1E7A4F7556}") = "IntegrationTests", "tests\IntegrationTests\IntegrationTests.csproj", "{85D817F9-EC78-4961-B3EB-13908EB56083}"
EndProject
Project("{9A19103F-16F7-4668-BE54-9A1E7A4F7556}") = "FunctionalTests", "tests\FunctionalTests\FunctionalTests.csproj", "{3CBD3FB5-F256-4FF2-8D12-4A4A0ACD51DF}"
EndProject
Project("{E53339B2-1760-4266-BCC7-CA923CBCF16C}") = "docker-compose", "docker-compose.dcproj", "{1017A755-46D4-4CE7-AD80-60998CB5A8EA}"
EndProject
Global
	GlobalSection(SolutionConfigurationPlatforms) = preSolution
		Debug|Any CPU = Debug|Any CPU
		Debug|x64 = Debug|x64
		Debug|x86 = Debug|x86
		Release|Any CPU = Release|Any CPU
		Release|x64 = Release|x64
		Release|x86 = Release|x86
	EndGlobalSection
	GlobalSection(ProjectConfigurationPlatforms) = postSolution
		{88958739-9784-4AF1-9482-92069716D908}.Debug|Any CPU.ActiveCfg = Debug|Any CPU
		{88958739-9784-4AF1-9482-92069716D908}.Debug|Any CPU.Build.0 = Debug|Any CPU
		{88958739-9784-4AF1-9482-92069716D908}.Debug|x64.ActiveCfg = Debug|Any CPU
		{88958739-9784-4AF1-9482-92069716D908}.Debug|x64.Build.0 = Debug|Any CPU
		{88958739-9784-4AF1-9482-92069716D908}.Debug|x86.ActiveCfg = Debug|Any CPU
		{88958739-9784-4AF1-9482-92069716D908}.Debug|x86.Build.0 = Debug|Any CPU
		{88958739-9784-4AF1-9482-92069716D908}.Release|Any CPU.ActiveCfg = Release|Any CPU
		{88958739-9784-4AF1-9482-92069716D908}.Release|Any CPU.Build.0 = Release|Any CPU
		{88958739-9784-4AF1-9482-92069716D908}.Release|x64.ActiveCfg = Release|Any CPU
		{88958739-9784-4AF1-9482-92069716D908}.Release|x64.Build.0 = Release|Any CPU
		{88958739-9784-4AF1-9482-92069716D908}.Release|x86.ActiveCfg = Release|Any CPU
		{88958739-9784-4AF1-9482-92069716D908}.Release|x86.Build.0 = Release|Any CPU
		{3D54725F-B842-4643-B3A2-88899ABFD264}.Debug|Any CPU.ActiveCfg = Debug|Any CPU
		{3D54725F-B842-4643-B3A2-88899ABFD264}.Debug|Any CPU.Build.0 = Debug|Any CPU
		{3D54725F-B842-4643-B3A2-88899ABFD264}.Debug|x64.ActiveCfg = Debug|Any CPU
		{3D54725F-B842-4643-B3A2-88899ABFD264}.Debug|x64.Build.0 = Debug|Any CPU
		{3D54725F-B842-4643-B3A2-88899ABFD264}.Debug|x86.ActiveCfg = Debug|Any CPU
		{3D54725F-B842-4643-B3A2-88899ABFD264}.Debug|x86.Build.0 = Debug|Any CPU
		{3D54725F-B842-4643-B3A2-88899ABFD264}.Release|Any CPU.ActiveCfg = Release|Any CPU
		{3D54725F-B842-4643-B3A2-88899ABFD264}.Release|Any CPU.Build.0 = Release|Any CPU
		{3D54725F-B842-4643-B3A2-88899ABFD264}.Release|x64.ActiveCfg = Release|Any CPU
		{3D54725F-B842-4643-B3A2-88899ABFD264}.Release|x64.Build.0 = Release|Any CPU
		{3D54725F-B842-4643-B3A2-88899ABFD264}.Release|x86.ActiveCfg = Release|Any CPU
		{3D54725F-B842-4643-B3A2-88899ABFD264}.Release|x86.Build.0 = Release|Any CPU
		{46F13159-DFF1-4C4C-B781-759C4CA511E7}.Debug|Any CPU.ActiveCfg = Debug|Any CPU
		{46F13159-DFF1-4C4C-B781-759C4CA511E7}.Debug|Any CPU.Build.0 = Debug|Any CPU
		{46F13159-DFF1-4C4C-B781-759C4CA511E7}.Debug|x64.ActiveCfg = Debug|Any CPU
		{46F13159-DFF1-4C4C-B781-759C4CA511E7}.Debug|x64.Build.0 = Debug|Any CPU
		{46F13159-DFF1-4C4C-B781-759C4CA511E7}.Debug|x86.ActiveCfg = Debug|Any CPU
		{46F13159-DFF1-4C4C-B781-759C4CA511E7}.Debug|x86.Build.0 = Debug|Any CPU
		{46F13159-DFF1-4C4C-B781-759C4CA511E7}.Release|Any CPU.ActiveCfg = Release|Any CPU
		{46F13159-DFF1-4C4C-B781-759C4CA511E7}.Release|Any CPU.Build.0 = Release|Any CPU
		{46F13159-DFF1-4C4C-B781-759C4CA511E7}.Release|x64.ActiveCfg = Release|Any CPU
		{46F13159-DFF1-4C4C-B781-759C4CA511E7}.Release|x64.Build.0 = Release|Any CPU
		{46F13159-DFF1-4C4C-B781-759C4CA511E7}.Release|x86.ActiveCfg = Release|Any CPU
		{46F13159-DFF1-4C4C-B781-759C4CA511E7}.Release|x86.Build.0 = Release|Any CPU
		{F5168528-FB81-47E8-9EFA-CBB189B606FE}.Debug|Any CPU.ActiveCfg = Debug|Any CPU
		{F5168528-FB81-47E8-9EFA-CBB189B606FE}.Debug|Any CPU.Build.0 = Debug|Any CPU
		{F5168528-FB81-47E8-9EFA-CBB189B606FE}.Debug|x64.ActiveCfg = Debug|Any CPU
		{F5168528-FB81-47E8-9EFA-CBB189B606FE}.Debug|x64.Build.0 = Debug|Any CPU
		{F5168528-FB81-47E8-9EFA-CBB189B606FE}.Debug|x86.ActiveCfg = Debug|Any CPU
		{F5168528-FB81-47E8-9EFA-CBB189B606FE}.Debug|x86.Build.0 = Debug|Any CPU
		{F5168528-FB81-47E8-9EFA-CBB189B606FE}.Release|Any CPU.ActiveCfg = Release|Any CPU
		{F5168528-FB81-47E8-9EFA-CBB189B606FE}.Release|Any CPU.Build.0 = Release|Any CPU
		{F5168528-FB81-47E8-9EFA-CBB189B606FE}.Release|x64.ActiveCfg = Release|Any CPU
		{F5168528-FB81-47E8-9EFA-CBB189B606FE}.Release|x64.Build.0 = Release|Any CPU
		{F5168528-FB81-47E8-9EFA-CBB189B606FE}.Release|x86.ActiveCfg = Release|Any CPU
		{F5168528-FB81-47E8-9EFA-CBB189B606FE}.Release|x86.Build.0 = Release|Any CPU
		{85D817F9-EC78-4961-B3EB-13908EB56083}.Debug|Any CPU.ActiveCfg = Debug|Any CPU
		{85D817F9-EC78-4961-B3EB-13908EB56083}.Debug|Any CPU.Build.0 = Debug|Any CPU
		{85D817F9-EC78-4961-B3EB-13908EB56083}.Debug|x64.ActiveCfg = Debug|Any CPU
		{85D817F9-EC78-4961-B3EB-13908EB56083}.Debug|x64.Build.0 = Debug|Any CPU
		{85D817F9-EC78-4961-B3EB-13908EB56083}.Debug|x86.ActiveCfg = Debug|Any CPU
		{85D817F9-EC78-4961-B3EB-13908EB56083}.Debug|x86.Build.0 = Debug|Any CPU
		{85D817F9-EC78-4961-B3EB-13908EB56083}.Release|Any CPU.ActiveCfg = Release|Any CPU
		{85D817F9-EC78-4961-B3EB-13908EB56083}.Release|Any CPU.Build.0 = Release|Any CPU
		{85D817F9-EC78-4961-B3EB-13908EB56083}.Release|x64.ActiveCfg = Release|Any CPU
		{85D817F9-EC78-4961-B3EB-13908EB56083}.Release|x64.Build.0 = Release|Any CPU
		{85D817F9-EC78-4961-B3EB-13908EB56083}.Release|x86.ActiveCfg = Release|Any CPU
		{85D817F9-EC78-4961-B3EB-13908EB56083}.Release|x86.Build.0 = Release|Any CPU
		{3CBD3FB5-F256-4FF2-8D12-4A4A0ACD51DF}.Debug|Any CPU.ActiveCfg = Debug|Any CPU
		{3CBD3FB5-F256-4FF2-8D12-4A4A0ACD51DF}.Debug|Any CPU.Build.0 = Debug|Any CPU
		{3CBD3FB5-F256-4FF2-8D12-4A4A0ACD51DF}.Debug|x64.ActiveCfg = Debug|Any CPU
		{3CBD3FB5-F256-4FF2-8D12-4A4A0ACD51DF}.Debug|x64.Build.0 = Debug|Any CPU
		{3CBD3FB5-F256-4FF2-8D12-4A4A0ACD51DF}.Debug|x86.ActiveCfg = Debug|Any CPU
		{3CBD3FB5-F256-4FF2-8D12-4A4A0ACD51DF}.Debug|x86.Build.0 = Debug|Any CPU
		{3CBD3FB5-F256-4FF2-8D12-4A4A0ACD51DF}.Release|Any CPU.ActiveCfg = Release|Any CPU
		{3CBD3FB5-F256-4FF2-8D12-4A4A0ACD51DF}.Release|Any CPU.Build.0 = Release|Any CPU
		{3CBD3FB5-F256-4FF2-8D12-4A4A0ACD51DF}.Release|x64.ActiveCfg = Release|Any CPU
		{3CBD3FB5-F256-4FF2-8D12-4A4A0ACD51DF}.Release|x64.Build.0 = Release|Any CPU
		{3CBD3FB5-F256-4FF2-8D12-4A4A0ACD51DF}.Release|x86.ActiveCfg = Release|Any CPU
		{3CBD3FB5-F256-4FF2-8D12-4A4A0ACD51DF}.Release|x86.Build.0 = Release|Any CPU
		{1017A755-46D4-4CE7-AD80-60998CB5A8EA}.Debug|Any CPU.ActiveCfg = Debug|Any CPU
		{1017A755-46D4-4CE7-AD80-60998CB5A8EA}.Debug|Any CPU.Build.0 = Debug|Any CPU
		{1017A755-46D4-4CE7-AD80-60998CB5A8EA}.Debug|x64.ActiveCfg = Debug|Any CPU
		{1017A755-46D4-4CE7-AD80-60998CB5A8EA}.Debug|x64.Build.0 = Debug|Any CPU
		{1017A755-46D4-4CE7-AD80-60998CB5A8EA}.Debug|x86.ActiveCfg = Debug|Any CPU
		{1017A755-46D4-4CE7-AD80-60998CB5A8EA}.Debug|x86.Build.0 = Debug|Any CPU
		{1017A755-46D4-4CE7-AD80-60998CB5A8EA}.Release|Any CPU.ActiveCfg = Release|Any CPU
		{1017A755-46D4-4CE7-AD80-60998CB5A8EA}.Release|Any CPU.Build.0 = Release|Any CPU
		{1017A755-46D4-4CE7-AD80-60998CB5A8EA}.Release|x64.ActiveCfg = Release|Any CPU
		{1017A755-46D4-4CE7-AD80-60998CB5A8EA}.Release|x64.Build.0 = Release|Any CPU
		{1017A755-46D4-4CE7-AD80-60998CB5A8EA}.Release|x86.ActiveCfg = Release|Any CPU
		{1017A755-46D4-4CE7-AD80-60998CB5A8EA}.Release|x86.Build.0 = Release|Any CPU
	EndGlobalSection
	GlobalSection(SolutionProperties) = preSolution
		HideSolutionNode = FALSE
	EndGlobalSection
	GlobalSection(NestedProjects) = preSolution
		{88958739-9784-4AF1-9482-92069716D908} = {12DA4513-77E8-43D0-8B83-4E4592CDDD22}
		{3D54725F-B842-4643-B3A2-88899ABFD264} = {12DA4513-77E8-43D0-8B83-4E4592CDDD22}
		{DD1FBCE6-8B29-42BF-951E-29ECA719F5B9} = {12DA4513-77E8-43D0-8B83-4E4592CDDD22}
		{46F13159-DFF1-4C4C-B781-759C4CA511E7} = {DD1FBCE6-8B29-42BF-951E-29ECA719F5B9}
		{F5168528-FB81-47E8-9EFA-CBB189B606FE} = {777C24B3-EC5C-40FF-AEC5-DBD10E380F6A}
		{85D817F9-EC78-4961-B3EB-13908EB56083} = {777C24B3-EC5C-40FF-AEC5-DBD10E380F6A}
		{3CBD3FB5-F256-4FF2-8D12-4A4A0ACD51DF} = {777C24B3-EC5C-40FF-AEC5-DBD10E380F6A}
	EndGlobalSection
	GlobalSection(ExtensibilityGlobals) = postSolution
		SolutionGuid = {069ED1A5-CE2D-4192-8817-58AE799712C6}
	EndGlobalSection
EndGlobal
